
Microsoft Visual Studio Solution File, Format Version 12.00
# Visual Studio Version 16
VisualStudioVersion = 16.0.31229.75
MinimumVisualStudioVersion = 10.0.40219.1
Project("{9A19103F-16F7-4668-BE54-9A1E7A4F7556}") = "Baebae.Apple.Web", "Baebae.Apple.Web\Baebae.Apple.Web.csproj", "{ED6884A5-CB59-4916-97A2-21837137F540}"
EndProject
Project("{9A19103F-16F7-4668-BE54-9A1E7A4F7556}") = "Baebae.Apple.ConsoleApp", "Baebae.Apple.ConsoleApp\Baebae.Apple.ConsoleApp.csproj", "{C5FE6EF1-25A7-4E6E-9BF5-C41BC0F3D449}"
EndProject
Project("{FAE04EC0-301F-11D3-BF4B-00C04F79EFBC}") = "Baebaego.Practice", "Baebaego.Practice\Baebaego.Practice.csproj", "{6F941258-7FF4-4745-97AE-188A9FBF9690}"
EndProject
Global
	GlobalSection(SolutionConfigurationPlatforms) = preSolution
		Debug|Any CPU = Debug|Any CPU
		Release|Any CPU = Release|Any CPU
	EndGlobalSection
	GlobalSection(ProjectConfigurationPlatforms) = postSolution
		{ED6884A5-CB59-4916-97A2-21837137F540}.Debug|Any CPU.ActiveCfg = Debug|Any CPU
		{ED6884A5-CB59-4916-97A2-21837137F540}.Debug|Any CPU.Build.0 = Debug|Any CPU
		{ED6884A5-CB59-4916-97A2-21837137F540}.Release|Any CPU.ActiveCfg = Release|Any CPU
		{ED6884A5-CB59-4916-97A2-21837137F540}.Release|Any CPU.Build.0 = Release|Any CPU
		{C5FE6EF1-25A7-4E6E-9BF5-C41BC0F3D449}.Debug|Any CPU.ActiveCfg = Debug|Any CPU
		{C5FE6EF1-25A7-4E6E-9BF5-C41BC0F3D449}.Debug|Any CPU.Build.0 = Debug|Any CPU
		{C5FE6EF1-25A7-4E6E-9BF5-C41BC0F3D449}.Release|Any CPU.ActiveCfg = Release|Any CPU
		{C5FE6EF1-25A7-4E6E-9BF5-C41BC0F3D449}.Release|Any CPU.Build.0 = Release|Any CPU
		{6F941258-7FF4-4745-97AE-188A9FBF9690}.Debug|Any CPU.ActiveCfg = Debug|Any CPU
		{6F941258-7FF4-4745-97AE-188A9FBF9690}.Debug|Any CPU.Build.0 = Debug|Any CPU
		{6F941258-7FF4-4745-97AE-188A9FBF9690}.Release|Any CPU.ActiveCfg = Release|Any CPU
		{6F941258-7FF4-4745-97AE-188A9FBF9690}.Release|Any CPU.Build.0 = Release|Any CPU
	EndGlobalSection
	GlobalSection(SolutionProperties) = preSolution
		HideSolutionNode = FALSE
	EndGlobalSection
	GlobalSection(ExtensibilityGlobals) = postSolution
		SolutionGuid = {AE637104-221F-4085-AC81-8942142E38CA}
	EndGlobalSection
EndGlobal
